lockfileVersion: '6.0'

dependencies:
  nprogress:
    specifier: ^0.2.0
    version: 0.2.0

devDependencies:
  '@rollup/plugin-typescript':
    specifier: ^11.1.5
    version: 11.1.5(rollup@4.0.2)(tslib@2.6.2)(typescript@5.2.2)
  '@types/node':
    specifier: ^20.8.4
    version: 20.8.4
  '@types/nprogress':
    specifier: ^0.2.1
    version: 0.2.1
  '@types/react':
    specifier: ^18.2.28
    version: 18.2.28
  '@types/react-dom':
    specifier: ^18.2.13
    version: 18.2.13
  esbuild:
    specifier: ^0.19.4
    version: 0.19.4
  next:
    specifier: ^13.5.4
    version: 13.5.4(react-dom@18.2.0)(react@18.2.0)
  react:
    specifier: ^18.2.0
    version: 18.2.0
  react-dom:
    specifier: ^18.2.0
    version: 18.2.0(react@18.2.0)
  rollup:
    specifier: ^4.0.2
    version: 4.0.2
  tslib:
    specifier: ^2.6.2
    version: 2.6.2
  typescript:
    specifier: ^5.2.2
    version: 5.2.2

packages:

  /@esbuild/android-arm64@0.19.4:
    resolution: {integrity: sha512-mRsi2vJsk4Bx/AFsNBqOH2fqedxn5L/moT58xgg51DjX1la64Z3Npicut2VbhvDFO26qjWtPMsVxCd80YTFVeg==}
    engines: {node: '>=12'}
    cpu: [arm64]
    os: [android]
    requiresBuild: true
    dev: true
    optional: true

  /@esbuild/android-arm@0.19.4:
    resolution: {integrity: sha512-uBIbiYMeSsy2U0XQoOGVVcpIktjLMEKa7ryz2RLr7L/vTnANNEsPVAh4xOv7ondGz6ac1zVb0F8Jx20rQikffQ==}
    engines: {node: '>=12'}
    cpu: [arm]
    os: [android]
    requiresBuild: true
    dev: true
    optional: true

  /@esbuild/android-x64@0.19.4:
    resolution: {integrity: sha512-4iPufZ1TMOD3oBlGFqHXBpa3KFT46aLl6Vy7gwed0ZSYgHaZ/mihbYb4t7Z9etjkC9Al3ZYIoOaHrU60gcMy7g==}
    engines: {node: '>=12'}
    cpu: [x64]
    os: [android]
    requiresBuild: true
    dev: true
    optional: true

  /@esbuild/darwin-arm64@0.19.4:
    resolution: {integrity: sha512-Lviw8EzxsVQKpbS+rSt6/6zjn9ashUZ7Tbuvc2YENgRl0yZTktGlachZ9KMJUsVjZEGFVu336kl5lBgDN6PmpA==}
    engines: {node: '>=12'}
    cpu: [arm64]
    os: [darwin]
    requiresBuild: true
    dev: true
    optional: true

  /@esbuild/darwin-x64@0.19.4:
    resolution: {integrity: sha512-YHbSFlLgDwglFn0lAO3Zsdrife9jcQXQhgRp77YiTDja23FrC2uwnhXMNkAucthsf+Psr7sTwYEryxz6FPAVqw==}
    engines: {node: '>=12'}
    cpu: [x64]
    os: [darwin]
    requiresBuild: true
    dev: true
    optional: true

  /@esbuild/freebsd-arm64@0.19.4:
    resolution: {integrity: sha512-vz59ijyrTG22Hshaj620e5yhs2dU1WJy723ofc+KUgxVCM6zxQESmWdMuVmUzxtGqtj5heHyB44PjV/HKsEmuQ==}
    engines: {node: '>=12'}
    cpu: [arm64]
    os: [freebsd]
    requiresBuild: true
    dev: true
    optional: true

  /@esbuild/freebsd-x64@0.19.4:
    resolution: {integrity: sha512-3sRbQ6W5kAiVQRBWREGJNd1YE7OgzS0AmOGjDmX/qZZecq8NFlQsQH0IfXjjmD0XtUYqr64e0EKNFjMUlPL3Cw==}
    engines: {node: '>=12'}
    cpu: [x64]
    os: [freebsd]
    requiresBuild: true
    dev: true
    optional: true

  /@esbuild/linux-arm64@0.19.4:
    resolution: {integrity: sha512-ZWmWORaPbsPwmyu7eIEATFlaqm0QGt+joRE9sKcnVUG3oBbr/KYdNE2TnkzdQwX6EDRdg/x8Q4EZQTXoClUqqA==}
    engines: {node: '>=12'}
    cpu: [arm64]
    os: [linux]
    requiresBuild: true
    dev: true
    optional: true

  /@esbuild/linux-arm@0.19.4:
    resolution: {integrity: sha512-z/4ArqOo9EImzTi4b6Vq+pthLnepFzJ92BnofU1jgNlcVb+UqynVFdoXMCFreTK7FdhqAzH0vmdwW5373Hm9pg==}
    engines: {node: '>=12'}
    cpu: [arm]
    os: [linux]
    requiresBuild: true
    dev: true
    optional: true

  /@esbuild/linux-ia32@0.19.4:
    resolution: {integrity: sha512-EGc4vYM7i1GRUIMqRZNCTzJh25MHePYsnQfKDexD8uPTCm9mK56NIL04LUfX2aaJ+C9vyEp2fJ7jbqFEYgO9lQ==}
    engines: {node: '>=12'}
    cpu: [ia32]
    os: [linux]
    requiresBuild: true
    dev: true
    optional: true

  /@esbuild/linux-loong64@0.19.4:
    resolution: {integrity: sha512-WVhIKO26kmm8lPmNrUikxSpXcgd6HDog0cx12BUfA2PkmURHSgx9G6vA19lrlQOMw+UjMZ+l3PpbtzffCxFDRg==}
    engines: {node: '>=12'}
    cpu: [loong64]
    os: [linux]
    requiresBuild: true
    dev: true
    optional: true

  /@esbuild/linux-mips64el@0.19.4:
    resolution: {integrity: sha512-keYY+Hlj5w86hNp5JJPuZNbvW4jql7c1eXdBUHIJGTeN/+0QFutU3GrS+c27L+NTmzi73yhtojHk+lr2+502Mw==}
    engines: {node: '>=12'}
    cpu: [mips64el]
    os: [linux]
    requiresBuild: true
    dev: true
    optional: true

  /@esbuild/linux-ppc64@0.19.4:
    resolution: {integrity: sha512-tQ92n0WMXyEsCH4m32S21fND8VxNiVazUbU4IUGVXQpWiaAxOBvtOtbEt3cXIV3GEBydYsY8pyeRMJx9kn3rvw==}
    engines: {node: '>=12'}
    cpu: [ppc64]
    os: [linux]
    requiresBuild: true
    dev: true
    optional: true

  /@esbuild/linux-riscv64@0.19.4:
    resolution: {integrity: sha512-tRRBey6fG9tqGH6V75xH3lFPpj9E8BH+N+zjSUCnFOX93kEzqS0WdyJHkta/mmJHn7MBaa++9P4ARiU4ykjhig==}
    engines: {node: '>=12'}
    cpu: [riscv64]
    os: [linux]
    requiresBuild: true
    dev: true
    optional: true

  /@esbuild/linux-s390x@0.19.4:
    resolution: {integrity: sha512-152aLpQqKZYhThiJ+uAM4PcuLCAOxDsCekIbnGzPKVBRUDlgaaAfaUl5NYkB1hgY6WN4sPkejxKlANgVcGl9Qg==}
    engines: {node: '>=12'}
    cpu: [s390x]
    os: [linux]
    requiresBuild: true
    dev: true
    optional: true

  /@esbuild/linux-x64@0.19.4:
    resolution: {integrity: sha512-Mi4aNA3rz1BNFtB7aGadMD0MavmzuuXNTaYL6/uiYIs08U7YMPETpgNn5oue3ICr+inKwItOwSsJDYkrE9ekVg==}
    engines: {node: '>=12'}
    cpu: [x64]
    os: [linux]
    requiresBuild: true
    dev: true
    optional: true

  /@esbuild/netbsd-x64@0.19.4:
    resolution: {integrity: sha512-9+Wxx1i5N/CYo505CTT7T+ix4lVzEdz0uCoYGxM5JDVlP2YdDC1Bdz+Khv6IbqmisT0Si928eAxbmGkcbiuM/A==}
    engines: {node: '>=12'}
    cpu: [x64]
    os: [netbsd]
    requiresBuild: true
    dev: true
    optional: true

  /@esbuild/openbsd-x64@0.19.4:
    resolution: {integrity: sha512-MFsHleM5/rWRW9EivFssop+OulYVUoVcqkyOkjiynKBCGBj9Lihl7kh9IzrreDyXa4sNkquei5/DTP4uCk25xw==}
    engines: {node: '>=12'}
    cpu: [x64]
    os: [openbsd]
    requiresBuild: true
    dev: true
    optional: true

  /@esbuild/sunos-x64@0.19.4:
    resolution: {integrity: sha512-6Xq8SpK46yLvrGxjp6HftkDwPP49puU4OF0hEL4dTxqCbfx09LyrbUj/D7tmIRMj5D5FCUPksBbxyQhp8tmHzw==}
    engines: {node: '>=12'}
    cpu: [x64]
    os: [sunos]
    requiresBuild: true
    dev: true
    optional: true

  /@esbuild/win32-arm64@0.19.4:
    resolution: {integrity: sha512-PkIl7Jq4mP6ke7QKwyg4fD4Xvn8PXisagV/+HntWoDEdmerB2LTukRZg728Yd1Fj+LuEX75t/hKXE2Ppk8Hh1w==}
    engines: {node: '>=12'}
    cpu: [arm64]
    os: [win32]
    requiresBuild: true
    dev: true
    optional: true

  /@esbuild/win32-ia32@0.19.4:
    resolution: {integrity: sha512-ga676Hnvw7/ycdKB53qPusvsKdwrWzEyJ+AtItHGoARszIqvjffTwaaW3b2L6l90i7MO9i+dlAW415INuRhSGg==}
    engines: {node: '>=12'}
    cpu: [ia32]
    os: [win32]
    requiresBuild: true
    dev: true
    optional: true

  /@esbuild/win32-x64@0.19.4:
    resolution: {integrity: sha512-HP0GDNla1T3ZL8Ko/SHAS2GgtjOg+VmWnnYLhuTksr++EnduYB0f3Y2LzHsUwb2iQ13JGoY6G3R8h6Du/WG6uA==}
    engines: {node: '>=12'}
    cpu: [x64]
    os: [win32]
    requiresBuild: true
    dev: true
    optional: true

  /@next/env@13.5.4:
    resolution: {integrity: sha512-LGegJkMvRNw90WWphGJ3RMHMVplYcOfRWf2Be3td3sUa+1AaxmsYyANsA+znrGCBjXJNi4XAQlSoEfUxs/4kIQ==}
    dev: true

  /@next/swc-darwin-arm64@13.5.4:
    resolution: {integrity: sha512-Df8SHuXgF1p+aonBMcDPEsaahNo2TCwuie7VXED4FVyECvdXfRT9unapm54NssV9tF3OQFKBFOdlje4T43VO0w==}
    engines: {node: '>= 10'}
    cpu: [arm64]
    os: [darwin]
    requiresBuild: true
    dev: true
    optional: true

  /@next/swc-darwin-x64@13.5.4:
    resolution: {integrity: sha512-siPuUwO45PnNRMeZnSa8n/Lye5ZX93IJom9wQRB5DEOdFrw0JjOMu1GINB8jAEdwa7Vdyn1oJ2xGNaQpdQQ9Pw==}
    engines: {node: '>= 10'}
    cpu: [x64]
    os: [darwin]
    requiresBuild: true
    dev: true
    optional: true

  /@next/swc-linux-arm64-gnu@13.5.4:
    resolution: {integrity: sha512-l/k/fvRP/zmB2jkFMfefmFkyZbDkYW0mRM/LB+tH5u9pB98WsHXC0WvDHlGCYp3CH/jlkJPL7gN8nkTQVrQ/2w==}
    engines: {node: '>= 10'}
    cpu: [arm64]
    os: [linux]
    requiresBuild: true
    dev: true
    optional: true

  /@next/swc-linux-arm64-musl@13.5.4:
    resolution: {integrity: sha512-YYGb7SlLkI+XqfQa8VPErljb7k9nUnhhRrVaOdfJNCaQnHBcvbT7cx/UjDQLdleJcfyg1Hkn5YSSIeVfjgmkTg==}
    engines: {node: '>= 10'}
    cpu: [arm64]
    os: [linux]
    requiresBuild: true
    dev: true
    optional: true

  /@next/swc-linux-x64-gnu@13.5.4:
    resolution: {integrity: sha512-uE61vyUSClnCH18YHjA8tE1prr/PBFlBFhxBZis4XBRJoR+txAky5d7gGNUIbQ8sZZ7LVkSVgm/5Fc7mwXmRAg==}
    engines: {node: '>= 10'}
    cpu: [x64]
    os: [linux]
    requiresBuild: true
    dev: true
    optional: true

  /@next/swc-linux-x64-musl@13.5.4:
    resolution: {integrity: sha512-qVEKFYML/GvJSy9CfYqAdUexA6M5AklYcQCW+8JECmkQHGoPxCf04iMh7CPR7wkHyWWK+XLt4Ja7hhsPJtSnhg==}
    engines: {node: '>= 10'}
    cpu: [x64]
    os: [linux]
    requiresBuild: true
    dev: true
    optional: true

  /@next/swc-win32-arm64-msvc@13.5.4:
    resolution: {integrity: sha512-mDSQfqxAlfpeZOLPxLymZkX0hYF3juN57W6vFHTvwKlnHfmh12Pt7hPIRLYIShk8uYRsKPtMTth/EzpwRI+u8w==}
    engines: {node: '>= 10'}
    cpu: [arm64]
    os: [win32]
    requiresBuild: true
    dev: true
    optional: true

  /@next/swc-win32-ia32-msvc@13.5.4:
    resolution: {integrity: sha512-aoqAT2XIekIWoriwzOmGFAvTtVY5O7JjV21giozBTP5c6uZhpvTWRbmHXbmsjZqY4HnEZQRXWkSAppsIBweKqw==}
    engines: {node: '>= 10'}
    cpu: [ia32]
    os: [win32]
    requiresBuild: true
    dev: true
    optional: true

  /@next/swc-win32-x64-msvc@13.5.4:
    resolution: {integrity: sha512-cyRvlAxwlddlqeB9xtPSfNSCRy8BOa4wtMo0IuI9P7Y0XT2qpDrpFKRyZ7kUngZis59mPVla5k8X1oOJ8RxDYg==}
    engines: {node: '>= 10'}
    cpu: [x64]
    os: [win32]
    requiresBuild: true
    dev: true
    optional: true

  /@rollup/plugin-typescript@11.1.5(rollup@4.0.2)(tslib@2.6.2)(typescript@5.2.2):
    resolution: {integrity: sha512-rnMHrGBB0IUEv69Q8/JGRD/n4/n6b3nfpufUu26axhUcboUzv/twfZU8fIBbTOphRAe0v8EyxzeDpKXqGHfyDA==}
    engines: {node: '>=14.0.0'}
    peerDependencies:
      rollup: ^2.14.0||^3.0.0||^4.0.0
      tslib: '*'
      typescript: '>=3.7.0'
    peerDependenciesMeta:
      rollup:
        optional: true
      tslib:
        optional: true
    dependencies:
      '@rollup/pluginutils': 5.0.5(rollup@4.0.2)
      resolve: 1.22.8
      rollup: 4.0.2
      tslib: 2.6.2
      typescript: 5.2.2
    dev: true

  /@rollup/pluginutils@5.0.5(rollup@4.0.2):
    resolution: {integrity: sha512-6aEYR910NyP73oHiJglti74iRyOwgFU4x3meH/H8OJx6Ry0j6cOVZ5X/wTvub7G7Ao6qaHBEaNsV3GLJkSsF+Q==}
    engines: {node: '>=14.0.0'}
    peerDependencies:
      rollup: ^1.20.0||^2.0.0||^3.0.0||^4.0.0
    peerDependenciesMeta:
      rollup:
        optional: true
    dependencies:
      '@types/estree': 1.0.2
      estree-walker: 2.0.2
      picomatch: 2.3.1
      rollup: 4.0.2
    dev: true

  /@rollup/rollup-android-arm-eabi@4.0.2:
    resolution: {integrity: sha512-xDvk1pT4vaPU2BOLy0MqHMdYZyntqpaBf8RhBiezlqG9OjY8F50TyctHo8znigYKd+QCFhCmlmXHOL/LoaOl3w==}
    cpu: [arm]
    os: [android]
    requiresBuild: true
    dev: true
    optional: true

  /@rollup/rollup-android-arm64@4.0.2:
    resolution: {integrity: sha512-lqCglytY3E6raze27DD9VQJWohbwCxzqs9aSHcj5X/8hJpzZfNdbsr4Ja9Hqp6iPyF53+5PtPx0pKRlkSvlHZg==}
    cpu: [arm64]
    os: [android]
    requiresBuild: true
    dev: true
    optional: true

  /@rollup/rollup-darwin-arm64@4.0.2:
    resolution: {integrity: sha512-nkBKItS6E6CCzvRwgiKad+j+1ibmL7SIInj7oqMWmdkCjiSX6VeVZw2mLlRKIUL+JjsBgpATTfo7BiAXc1v0jA==}
    cpu: [arm64]
    os: [darwin]
    requiresBuild: true
    dev: true
    optional: true

  /@rollup/rollup-darwin-x64@4.0.2:
    resolution: {integrity: sha512-vX2C8xvWPIbpEgQht95+dY6BReKAvtDgPDGi0XN0kWJKkm4WdNmq5dnwscv/zxvi+n6jUTBhs6GtpkkWT4q8Gg==}
    cpu: [x64]
    os: [darwin]
    requiresBuild: true
    dev: true
    optional: true

  /@rollup/rollup-linux-arm-gnueabihf@4.0.2:
    resolution: {integrity: sha512-DVFIfcHOjgmeHOAqji4xNz2wczt1Bmzy9MwBZKBa83SjBVO/i38VHDR+9ixo8QpBOiEagmNw12DucG+v55tCrg==}
    cpu: [arm]
    os: [linux]
    requiresBuild: true
    dev: true
    optional: true

  /@rollup/rollup-linux-arm64-gnu@4.0.2:
    resolution: {integrity: sha512-GCK/a9ItUxPI0V5hQEJjH4JtOJO90GF2Hja7TO+EZ8rmkGvEi8/ZDMhXmcuDpQT7/PWrTT9RvnG8snMd5SrhBQ==}
    cpu: [arm64]
    os: [linux]
    requiresBuild: true
    dev: true
    optional: true

  /@rollup/rollup-linux-arm64-musl@4.0.2:
    resolution: {integrity: sha512-cLuBp7rOjIB1R2j/VazjCmHC7liWUur2e9mFflLJBAWCkrZ+X0+QwHLvOQakIwDymungzAKv6W9kHZnTp/Mqrg==}
    cpu: [arm64]
    os: [linux]
    requiresBuild: true
    dev: true
    optional: true

  /@rollup/rollup-linux-x64-gnu@4.0.2:
    resolution: {integrity: sha512-Zqw4iVnJr2naoyQus0yLy7sLtisCQcpdMKUCeXPBjkJtpiflRime/TMojbnl8O3oxUAj92mxr+t7im/RbgA20w==}
    cpu: [x64]
    os: [linux]
    requiresBuild: true
    dev: true
    optional: true

  /@rollup/rollup-linux-x64-musl@4.0.2:
    resolution: {integrity: sha512-jJRU9TyUD/iMqjf8aLAp7XiN3pIj5v6Qcu+cdzBfVTKDD0Fvua4oUoK8eVJ9ZuKBEQKt3WdlcwJXFkpmMLk6kg==}
    cpu: [x64]
    os: [linux]
    requiresBuild: true
    dev: true
    optional: true

  /@rollup/rollup-win32-arm64-msvc@4.0.2:
    resolution: {integrity: sha512-ZkS2NixCxHKC4zbOnw64ztEGGDVIYP6nKkGBfOAxEPW71Sji9v8z3yaHNuae/JHPwXA+14oDefnOuVfxl59SmQ==}
    cpu: [arm64]
    os: [win32]
    requiresBuild: true
    dev: true
    optional: true

  /@rollup/rollup-win32-ia32-msvc@4.0.2:
    resolution: {integrity: sha512-3SKjj+tvnZ0oZq2BKB+fI+DqYI83VrRzk7eed8tJkxeZ4zxJZcLSE8YDQLYGq1tZAnAX+H076RHHB4gTZXsQzw==}
    cpu: [ia32]
    os: [win32]
    requiresBuild: true
    dev: true
    optional: true

  /@rollup/rollup-win32-x64-msvc@4.0.2:
    resolution: {integrity: sha512-MBdJIOxRauKkry7t2q+rTHa3aWjVez2eioWg+etRVS3dE4tChhmt5oqZYr48R6bPmcwEhxQr96gVRfeQrLbqng==}
    cpu: [x64]
    os: [win32]
    requiresBuild: true
    dev: true
    optional: true

  /@swc/helpers@0.5.2:
    resolution: {integrity: sha512-E4KcWTpoLHqwPHLxidpOqQbcrZVgi0rsmmZXUle1jXmJfuIf/UWpczUJ7MZZ5tlxytgJXyp0w4PGkkeLiuIdZw==}
    dependencies:
      tslib: 2.6.2
    dev: true

  /@types/estree@1.0.2:
    resolution: {integrity: sha512-VeiPZ9MMwXjO32/Xu7+OwflfmeoRwkE/qzndw42gGtgJwZopBnzy2gD//NN1+go1mADzkDcqf/KnFRSjTJ8xJA==}
    dev: true

  /@types/node@20.8.4:
    resolution: {integrity: sha512-ZVPnqU58giiCjSxjVUESDtdPk4QR5WQhhINbc9UBrKLU68MX5BF6kbQzTrkwbolyr0X8ChBpXfavr5mZFKZQ5A==}
    dependencies:
      undici-types: 5.25.3
    dev: true

  /@types/nprogress@0.2.1:
    resolution: {integrity: sha512-TYuyVnp+nOnimgdOydDIDYIxv2kSeuJZw4tF0p/KG7hpzcMF1WkHaREwM8O4blqfT1F7rq0nht6Ko2KVUfWzBA==}
    dev: true

  /@types/prop-types@15.7.8:
    resolution: {integrity: sha512-kMpQpfZKSCBqltAJwskgePRaYRFukDkm1oItcAbC3gNELR20XIBcN9VRgg4+m8DKsTfkWeA4m4Imp4DDuWy7FQ==}
    dev: true

  /@types/react-dom@18.2.13:
    resolution: {integrity: sha512-eJIUv7rPP+EC45uNYp/ThhSpE16k22VJUknt5OLoH9tbXoi8bMhwLf5xRuWMywamNbWzhrSmU7IBJfPup1+3fw==}
    dependencies:
      '@types/react': 18.2.28
    dev: true

  /@types/react@18.2.28:
    resolution: {integrity: sha512-ad4aa/RaaJS3hyGz0BGegdnSRXQBkd1CCYDCdNjBPg90UUpLgo+WlJqb9fMYUxtehmzF3PJaTWqRZjko6BRzBg==}
    dependencies:
      '@types/prop-types': 15.7.8
      '@types/scheduler': 0.16.4
      csstype: 3.1.2
    dev: true

  /@types/scheduler@0.16.4:
    resolution: {integrity: sha512-2L9ifAGl7wmXwP4v3pN4p2FLhD0O1qsJpvKmNin5VA8+UvNVb447UDaAEV6UdrkA+m/Xs58U1RFps44x6TFsVQ==}
    dev: true

  /busboy@1.6.0:
    resolution: {integrity: sha512-8SFQbg/0hQ9xy3UNTB0YEnsNBbWfhf7RtnzpL7TkBiTBRfrQ9Fxcnz7VJsleJpyp6rVLvXiuORqjlHi5q+PYuA==}
    engines: {node: '>=10.16.0'}
    dependencies:
      streamsearch: 1.1.0
    dev: true

  /caniuse-lite@1.0.30001547:
    resolution: {integrity: sha512-W7CrtIModMAxobGhz8iXmDfuJiiKg1WADMO/9x7/CLNin5cpSbuBjooyoIUVB5eyCc36QuTVlkVa1iB2S5+/eA==}
    dev: true

  /client-only@0.0.1:
    resolution: {integrity: sha512-IV3Ou0jSMzZrd3pZ48nLkT9DA7Ag1pnPzaiQhpW7c3RbcqqzvzzVu+L8gfqMp/8IM2MQtSiqaCxrrcfu8I8rMA==}
    dev: true

  /csstype@3.1.2:
    resolution: {integrity: sha512-I7K1Uu0MBPzaFKg4nI5Q7Vs2t+3gWWW648spaF+Rg7pI9ds18Ugn+lvg4SHczUdKlHI5LWBXyqfS8+DufyBsgQ==}
    dev: true

  /esbuild@0.19.4:
    resolution: {integrity: sha512-x7jL0tbRRpv4QUyuDMjONtWFciygUxWaUM1kMX2zWxI0X2YWOt7MSA0g4UdeSiHM8fcYVzpQhKYOycZwxTdZkA==}
    engines: {node: '>=12'}
    hasBin: true
    requiresBuild: true
    optionalDependencies:
      '@esbuild/android-arm': 0.19.4
      '@esbuild/android-arm64': 0.19.4
      '@esbuild/android-x64': 0.19.4
      '@esbuild/darwin-arm64': 0.19.4
      '@esbuild/darwin-x64': 0.19.4
      '@esbuild/freebsd-arm64': 0.19.4
      '@esbuild/freebsd-x64': 0.19.4
      '@esbuild/linux-arm': 0.19.4
      '@esbuild/linux-arm64': 0.19.4
      '@esbuild/linux-ia32': 0.19.4
      '@esbuild/linux-loong64': 0.19.4
      '@esbuild/linux-mips64el': 0.19.4
      '@esbuild/linux-ppc64': 0.19.4
      '@esbuild/linux-riscv64': 0.19.4
      '@esbuild/linux-s390x': 0.19.4
      '@esbuild/linux-x64': 0.19.4
      '@esbuild/netbsd-x64': 0.19.4
      '@esbuild/openbsd-x64': 0.19.4
      '@esbuild/sunos-x64': 0.19.4
      '@esbuild/win32-arm64': 0.19.4
      '@esbuild/win32-ia32': 0.19.4
      '@esbuild/win32-x64': 0.19.4
    dev: true

  /estree-walker@2.0.2:
    resolution: {integrity: sha512-Rfkk/Mp/DL7JVje3u18FxFujQlTNR2q6QfMSMB7AvCBx91NGj/ba3kCfza0f6dVDbw7YlRf/nDrn7pQrCCyQ/w==}
    dev: true

  /fsevents@2.3.3:
    resolution: {integrity: sha512-5xoDfX+fL7faATnagmWPpbFtwh/R77WmMMqqHGS65C3vvB0YHrgF+B1YmZ3441tMj5n63k0212XNoJwzlhffQw==}
    engines: {node: ^8.16.0 || ^10.6.0 || >=11.0.0}
    os: [darwin]
    requiresBuild: true
    dev: true
    optional: true

  /glob-to-regexp@0.4.1:
    resolution: {integrity: sha512-lkX1HJXwyMcprw/5YUZc2s7DrpAiHB21/V+E1rHUrVNokkvB6bqMzT0VfV6/86ZNabt1k14YOIaT7nDvOX3Iiw==}
    dev: true

  /graceful-fs@4.2.11:
    resolution: {integrity: sha512-RbJ5/jmFcNNCcDV5o9eTnBLJ/HszWV0P73bc+Ff4nS/rJj+YaS6IGyiOL0VoBYX+l1Wrl3k63h/KrH+nhJ0XvQ==}
    dev: true

  /has@1.0.4:
    resolution: {integrity: sha512-qdSAmqLF6209RFj4VVItywPMbm3vWylknmB3nvNiUIs72xAimcM8nVYxYr7ncvZq5qzk9MKIZR8ijqD/1QuYjQ==}
    engines: {node: '>= 0.4.0'}
    dev: true

  /is-core-module@2.13.0:
    resolution: {integrity: sha512-Z7dk6Qo8pOCp3l4tsX2C5ZVas4V+UxwQodwZhLopL91TX8UyyHEXafPcyoeeWuLrwzHcr3igO78wNLwHJHsMCQ==}
    dependencies:
      has: 1.0.4
    dev: true

  /js-tokens@4.0.0:
    resolution: {integrity: sha512-RdJUflcE3cUzKiMqQgsCu06FPu9UdIJO0beYbPhHN4k6apgJtifcoCtT9bcxOpYBtpD2kCM6Sbzg4CausW/PKQ==}
    dev: true

  /loose-envify@1.4.0:
    resolution: {integrity: sha512-lyuxPGr/Wfhrlem2CL/UcnUc1zcqKAImBDzukY7Y5F/yQiNdko6+fRLevlw1HgMySw7f611UIY408EtxRSoK3Q==}
    hasBin: true
    dependencies:
      js-tokens: 4.0.0
    dev: true

  /nanoid@3.3.6:
    resolution: {integrity: sha512-BGcqMMJuToF7i1rt+2PWSNVnWIkGCU78jBG3RxO/bZlnZPK2Cmi2QaffxGO/2RvWi9sL+FAiRiXMgsyxQ1DIDA==}
    engines: {node: ^10 || ^12 || ^13.7 || ^14 || >=15.0.1}
    hasBin: true
    dev: true

  /next@13.5.4(react-dom@18.2.0)(react@18.2.0):
    resolution: {integrity: sha512-+93un5S779gho8y9ASQhb/bTkQF17FNQOtXLKAj3lsNgltEcF0C5PMLLncDmH+8X1EnJH1kbqAERa29nRXqhjA==}
    engines: {node: '>=16.14.0'}
    hasBin: true
    peerDependencies:
      '@opentelemetry/api': ^1.1.0
      react: ^18.2.0
      react-dom: ^18.2.0
      sass: ^1.3.0
    peerDependenciesMeta:
      '@opentelemetry/api':
        optional: true
      sass:
        optional: true
    dependencies:
      '@next/env': 13.5.4
      '@swc/helpers': 0.5.2
      busboy: 1.6.0
      caniuse-lite: 1.0.30001547
      postcss: 8.4.31
      react: 18.2.0
      react-dom: 18.2.0(react@18.2.0)
      styled-jsx: 5.1.1(react@18.2.0)
      watchpack: 2.4.0
    optionalDependencies:
      '@next/swc-darwin-arm64': 13.5.4
      '@next/swc-darwin-x64': 13.5.4
      '@next/swc-linux-arm64-gnu': 13.5.4
      '@next/swc-linux-arm64-musl': 13.5.4
      '@next/swc-linux-x64-gnu': 13.5.4
      '@next/swc-linux-x64-musl': 13.5.4
      '@next/swc-win32-arm64-msvc': 13.5.4
      '@next/swc-win32-ia32-msvc': 13.5.4
      '@next/swc-win32-x64-msvc': 13.5.4
    transitivePeerDependencies:
      - '@babel/core'
      - babel-plugin-macros
    dev: true

  /nprogress@0.2.0:
    resolution: {integrity: sha512-I19aIingLgR1fmhftnbWWO3dXc0hSxqHQHQb3H8m+K3TnEn/iSeTZZOyvKXWqQESMwuUVnatlCnZdLBZZt2VSA==}
    dev: false

  /path-parse@1.0.7:
    resolution: {integrity: sha512-LDJzPVEEEPR+y48z93A0Ed0yXb8pAByGWo/k5YYdYgpY2/2EsOsksJrq7lOHxryrVOn1ejG6oAp8ahvOIQD8sw==}
    dev: true

  /picocolors@1.0.0:
    resolution: {integrity: sha512-1fygroTLlHu66zi26VoTDv8yRgm0Fccecssto+MhsZ0D/DGW2sm8E8AjW7NU5VVTRt5GxbeZ5qBuJr+HyLYkjQ==}
    dev: true

  /picomatch@2.3.1:
    resolution: {integrity: sha512-JU3teHTNjmE2VCGFzuY8EXzCDVwEqB2a8fsIvwaStHhAWJEeVd1o1QD80CU6+ZdEXXSLbSsuLwJjkCBWqRQUVA==}
    engines: {node: '>=8.6'}
    dev: true

  /postcss@8.4.31:
    resolution: {integrity: sha512-PS08Iboia9mts/2ygV3eLpY5ghnUcfLV/EXTOW1E2qYxJKGGBUtNjN76FYHnMs36RmARn41bC0AZmn+rR0OVpQ==}
    engines: {node: ^10 || ^12 || >=14}
    dependencies:
      nanoid: 3.3.6
      picocolors: 1.0.0
      source-map-js: 1.0.2
    dev: true

  /react-dom@18.2.0(react@18.2.0):
    resolution: {integrity: sha512-6IMTriUmvsjHUjNtEDudZfuDQUoWXVxKHhlEGSk81n4YFS+r/Kl99wXiwlVXtPBtJenozv2P+hxDsw9eA7Xo6g==}
    peerDependencies:
      react: ^18.2.0
    dependencies:
      loose-envify: 1.4.0
      react: 18.2.0
      scheduler: 0.23.0
    dev: true

  /react@18.2.0:
    resolution: {integrity: sha512-/3IjMdb2L9QbBdWiW5e3P2/npwMBaU9mHCSCUzNln0ZCYbcfTsGbTJrU/kGemdH2IWmB2ioZ+zkxtmq6g09fGQ==}
    engines: {node: '>=0.10.0'}
    dependencies:
      loose-envify: 1.4.0
    dev: true

  /resolve@1.22.8:
    resolution: {integrity: sha512-oKWePCxqpd6FlLvGV1VU0x7bkPmmCNolxzjMf4NczoDnQcIWrAF+cPtZn5i6n+RfD2d9i0tzpKnG6Yk168yIyw==}
    hasBin: true
    dependencies:
      is-core-module: 2.13.0
      path-parse: 1.0.7
      supports-preserve-symlinks-flag: 1.0.0
    dev: true

  /rollup@4.0.2:
    resolution: {integrity: sha512-MCScu4usMPCeVFaiLcgMDaBQeYi1z6vpWxz0r0hq0Hv77Y2YuOTZldkuNJ54BdYBH3e+nkrk6j0Rre/NLDBYzg==}
    engines: {node: '>=18.0.0', npm: '>=8.0.0'}
    hasBin: true
    optionalDependencies:
      '@rollup/rollup-android-arm-eabi': 4.0.2
      '@rollup/rollup-android-arm64': 4.0.2
      '@rollup/rollup-darwin-arm64': 4.0.2
      '@rollup/rollup-darwin-x64': 4.0.2
      '@rollup/rollup-linux-arm-gnueabihf': 4.0.2
      '@rollup/rollup-linux-arm64-gnu': 4.0.2
      '@rollup/rollup-linux-arm64-musl': 4.0.2
      '@rollup/rollup-linux-x64-gnu': 4.0.2
      '@rollup/rollup-linux-x64-musl': 4.0.2
      '@rollup/rollup-win32-arm64-msvc': 4.0.2
      '@rollup/rollup-win32-ia32-msvc': 4.0.2
      '@rollup/rollup-win32-x64-msvc': 4.0.2
      fsevents: 2.3.3
    dev: true

  /scheduler@0.23.0:
    resolution: {integrity: sha512-CtuThmgHNg7zIZWAXi3AsyIzA3n4xx7aNyjwC2VJldO2LMVDhFK+63xGqq6CsJH4rTAt6/M+N4GhZiDYPx9eUw==}
    dependencies:
      loose-envify: 1.4.0
    dev: true

  /source-map-js@1.0.2:
    resolution: {integrity: sha512-R0XvVJ9WusLiqTCEiGCmICCMplcCkIwwR11mOSD9CR5u+IXYdiseeEuXCVAjS54zqwkLcPNnmU4OeJ6tUrWhDw==}
    engines: {node: '>=0.10.0'}
    dev: true

  /streamsearch@1.1.0:
    resolution: {integrity: sha512-Mcc5wHehp9aXz1ax6bZUyY5afg9u2rv5cqQI3mRrYkGC8rW2hM02jWuwjtL++LS5qinSyhj2QfLyNsuc+VsExg==}
    engines: {node: '>=10.0.0'}
    dev: true

  /styled-jsx@5.1.1(react@18.2.0):
    resolution: {integrity: sha512-pW7uC1l4mBZ8ugbiZrcIsiIvVx1UmTfw7UkC3Um2tmfUq9Bhk8IiyEIPl6F8agHgjzku6j0xQEZbfA5uSgSaCw==}
    engines: {node: '>= 12.0.0'}
    peerDependencies:
      '@babel/core': '*'
      babel-plugin-macros: '*'
      react: '>= 16.8.0 || 17.x.x || ^18.0.0-0'
    peerDependenciesMeta:
      '@babel/core':
        optional: true
      babel-plugin-macros:
        optional: true
    dependencies:
      client-only: 0.0.1
      react: 18.2.0
    dev: true

  /supports-preserve-symlinks-flag@1.0.0:
    resolution: {integrity: sha512-ot0WnXS9fgdkgIcePe6RHNk1WA8+muPa6cSjeR3V8K27q9BB1rTE3R1p7Hv0z1ZyAc8s6Vvv8DIyWf681MAt0w==}
    engines: {node: '>= 0.4'}
    dev: true

  /tslib@2.6.2:
    resolution: {integrity: sha512-AEYxH93jGFPn/a2iVAwW87VuUIkR1FVUKB77NwMF7nBTDkDrrT/Hpt/IrCJ0QXhW27jTBDcf5ZY7w6RiqTMw2Q==}
    dev: true

  /typescript@5.2.2:
    resolution: {integrity: sha512-mI4WrpHsbCIcwT9cF4FZvr80QUeKvsUsUvKDoR+X/7XHQH98xYD8YHZg7ANtz2GtZt/CBq2QJ0thkGJMHfqc1w==}
    engines: {node: '>=14.17'}
    hasBin: true
    dev: true

  /undici-types@5.25.3:
    resolution: {integrity: sha512-Ga1jfYwRn7+cP9v8auvEXN1rX3sWqlayd4HP7OKk4mZWylEmu3KzXDUGrQUN6Ol7qo1gPvB2e5gX6udnyEPgdA==}
    dev: true

  /watchpack@2.4.0:
    resolution: {integrity: sha512-Lcvm7MGST/4fup+ifyKi2hjyIAwcdI4HRgtvTpIUxBRhB+RFtUh8XtDOxUfctVCnhVi+QQj49i91OyvzkJl6cg==}
    engines: {node: '>=10.13.0'}
    dependencies:
      glob-to-regexp: 0.4.1
      graceful-fs: 4.2.11
    dev: true
